
Microsoft Visual Studio Solution File, Format Version 12.00
# Visual Studio 2012
Project("{8BC9CEB8-8B4A-11D0-8D11-00A0C91BC942}") = "Xengine", "Xengine\Xengine.vcxproj", "{6ED70635-2C64-40DB-8ABC-A12FBFFDAA70}"
EndProject
Project("{8BC9CEB8-8B4A-11D0-8D11-00A0C91BC942}") = "GameRender3D", "GameRender3D\GameRender3D.vcxproj", "{EB3A3BF4-5E75-461E-A037-68D11E1651A4}"
EndProject
Project("{8BC9CEB8-8B4A-11D0-8D11-00A0C91BC942}") = "ScriptEngine", "ScriptEngine\ScriptEngine.vcxproj", "{2A0C6990-6D8E-4508-A6D1-8093F2797328}"
EndProject
Project("{8BC9CEB8-8B4A-11D0-8D11-00A0C91BC942}") = "Xihad", "Xihad\Xihad.vcxproj", "{41037DB3-2BED-4F97-B3BD-1255685E600D}"
	ProjectSection(ProjectDependencies) = postProject
		{6ED70635-2C64-40DB-8ABC-A12FBFFDAA70} = {6ED70635-2C64-40DB-8ABC-A12FBFFDAA70}
		{2A0C6990-6D8E-4508-A6D1-8093F2797328} = {2A0C6990-6D8E-4508-A6D1-8093F2797328}
		{7AF47FD9-4F8E-42D6-81EB-5CE29C82B790} = {7AF47FD9-4F8E-42D6-81EB-5CE29C82B790}
		{EB3A3BF4-5E75-461E-A037-68D11E1651A4} = {EB3A3BF4-5E75-461E-A037-68D11E1651A4}
	EndProjectSection
EndProject
Project("{8BC9CEB8-8B4A-11D0-8D11-00A0C91BC942}") = "LuaMath3D", "LuaMath3D\LuaMath3D.vcxproj", "{7AF47FD9-4F8E-42D6-81EB-5CE29C82B790}"
EndProject
Project("{8BC9CEB8-8B4A-11D0-8D11-00A0C91BC942}") = "AudioEngine", "AudioEngine\AudioEngine.vcxproj", "{C71D65BE-BF71-4D02-89F6-F096006FADC4}"
EndProject
Project("{8BC9CEB8-8B4A-11D0-8D11-00A0C91BC942}") = "Dialogue", "Dialogue\Dialogue.vcxproj", "{E6F12128-8B82-4D34-A8A9-7A6F5E7A44B9}"
EndProject
Project("{8BC9CEB8-8B4A-11D0-8D11-00A0C91BC942}") = "ConsoleTest", "ConsoleTest\ConsoleTest.vcxproj", "{D612E66F-9058-4E94-8D43-D851A6FFFDF0}"
EndProject
Project("{8BC9CEB8-8B4A-11D0-8D11-00A0C91BC942}") = "PartilceSystemLoader", "PartilceSystemLoader\PartilceSystemLoader.vcxproj", "{93DD2C9D-6A9D-47D3-ABF0-2FF00B6285A4}"
EndProject
Project("{8BC9CEB8-8B4A-11D0-8D11-00A0C91BC942}") = "UnitTest", "UnitTest\UnitTest.vcxproj", "{4013602C-9169-4B51-B3A6-13DA20ABB5CB}"
EndProject
Project("{8BC9CEB8-8B4A-11D0-8D11-00A0C91BC942}") = "LuaT", "LuaT\LuaT.vcxproj", "{C358F438-442B-4119-BF1C-5E3C28817D1E}"
EndProject
Project("{8BC9CEB8-8B4A-11D0-8D11-00A0C91BC942}") = "CEGUIIrrlichtRenderer", "CEGUIIrrlichtRenderer\CEGUIIrrlichtRenderer.vcxproj", "{DA66CB0F-46D8-49C0-B4A4-689464075B42}"
EndProject
Global
	GlobalSection(SolutionConfigurationPlatforms) = preSolution
		Debug|Win32 = Debug|Win32
		Release|Win32 = Release|Win32
	EndGlobalSection
	GlobalSection(ProjectConfigurationPlatforms) = postSolution
		{6ED70635-2C64-40DB-8ABC-A12FBFFDAA70}.Debug|Win32.ActiveCfg = Debug|Win32
		{6ED70635-2C64-40DB-8ABC-A12FBFFDAA70}.Debug|Win32.Build.0 = Debug|Win32
		{6ED70635-2C64-40DB-8ABC-A12FBFFDAA70}.Release|Win32.ActiveCfg = Release|Win32
		{6ED70635-2C64-40DB-8ABC-A12FBFFDAA70}.Release|Win32.Build.0 = Release|Win32
		{EB3A3BF4-5E75-461E-A037-68D11E1651A4}.Debug|Win32.ActiveCfg = Debug|Win32
		{EB3A3BF4-5E75-461E-A037-68D11E1651A4}.Debug|Win32.Build.0 = Debug|Win32
		{EB3A3BF4-5E75-461E-A037-68D11E1651A4}.Release|Win32.ActiveCfg = Release|Win32
		{EB3A3BF4-5E75-461E-A037-68D11E1651A4}.Release|Win32.Build.0 = Release|Win32
		{2A0C6990-6D8E-4508-A6D1-8093F2797328}.Debug|Win32.ActiveCfg = Debug|Win32
		{2A0C6990-6D8E-4508-A6D1-8093F2797328}.Debug|Win32.Build.0 = Debug|Win32
		{2A0C6990-6D8E-4508-A6D1-8093F2797328}.Release|Win32.ActiveCfg = Release|Win32
		{2A0C6990-6D8E-4508-A6D1-8093F2797328}.Release|Win32.Build.0 = Release|Win32
		{41037DB3-2BED-4F97-B3BD-1255685E600D}.Debug|Win32.ActiveCfg = Debug|Win32
		{41037DB3-2BED-4F97-B3BD-1255685E600D}.Debug|Win32.Build.0 = Debug|Win32
		{41037DB3-2BED-4F97-B3BD-1255685E600D}.Release|Win32.ActiveCfg = Release|Win32
		{41037DB3-2BED-4F97-B3BD-1255685E600D}.Release|Win32.Build.0 = Release|Win32
		{7AF47FD9-4F8E-42D6-81EB-5CE29C82B790}.Debug|Win32.ActiveCfg = Debug|Win32
		{7AF47FD9-4F8E-42D6-81EB-5CE29C82B790}.Debug|Win32.Build.0 = Debug|Win32
		{7AF47FD9-4F8E-42D6-81EB-5CE29C82B790}.Release|Win32.ActiveCfg = Release|Win32
		{7AF47FD9-4F8E-42D6-81EB-5CE29C82B790}.Release|Win32.Build.0 = Release|Win32
		{C71D65BE-BF71-4D02-89F6-F096006FADC4}.Debug|Win32.ActiveCfg = Debug|Win32
		{C71D65BE-BF71-4D02-89F6-F096006FADC4}.Debug|Win32.Build.0 = Debug|Win32
		{C71D65BE-BF71-4D02-89F6-F096006FADC4}.Release|Win32.ActiveCfg = Release|Win32
		{C71D65BE-BF71-4D02-89F6-F096006FADC4}.Release|Win32.Build.0 = Release|Win32
		{E6F12128-8B82-4D34-A8A9-7A6F5E7A44B9}.Debug|Win32.ActiveCfg = Debug|Win32
		{E6F12128-8B82-4D34-A8A9-7A6F5E7A44B9}.Debug|Win32.Build.0 = Debug|Win32
		{E6F12128-8B82-4D34-A8A9-7A6F5E7A44B9}.Release|Win32.ActiveCfg = Release|Win32
		{E6F12128-8B82-4D34-A8A9-7A6F5E7A44B9}.Release|Win32.Build.0 = Release|Win32
		{D612E66F-9058-4E94-8D43-D851A6FFFDF0}.Debug|Win32.ActiveCfg = Debug|Win32
		{D612E66F-9058-4E94-8D43-D851A6FFFDF0}.Debug|Win32.Build.0 = Debug|Win32
		{D612E66F-9058-4E94-8D43-D851A6FFFDF0}.Release|Win32.ActiveCfg = Release|Win32
		{D612E66F-9058-4E94-8D43-D851A6FFFDF0}.Release|Win32.Build.0 = Release|Win32
		{93DD2C9D-6A9D-47D3-ABF0-2FF00B6285A4}.Debug|Win32.ActiveCfg = Debug|Win32
		{93DD2C9D-6A9D-47D3-ABF0-2FF00B6285A4}.Debug|Win32.Build.0 = Debug|Win32
		{93DD2C9D-6A9D-47D3-ABF0-2FF00B6285A4}.Release|Win32.ActiveCfg = Release|Win32
		{93DD2C9D-6A9D-47D3-ABF0-2FF00B6285A4}.Release|Win32.Build.0 = Release|Win32
		{4013602C-9169-4B51-B3A6-13DA20ABB5CB}.Debug|Win32.ActiveCfg = Debug|Win32
		{4013602C-9169-4B51-B3A6-13DA20ABB5CB}.Debug|Win32.Build.0 = Debug|Win32
		{4013602C-9169-4B51-B3A6-13DA20ABB5CB}.Release|Win32.ActiveCfg = Release|Win32
		{4013602C-9169-4B51-B3A6-13DA20ABB5CB}.Release|Win32.Build.0 = Release|Win32
		{C358F438-442B-4119-BF1C-5E3C28817D1E}.Debug|Win32.ActiveCfg = Debug|Win32
		{C358F438-442B-4119-BF1C-5E3C28817D1E}.Debug|Win32.Build.0 = Debug|Win32
		{C358F438-442B-4119-BF1C-5E3C28817D1E}.Release|Win32.ActiveCfg = Release|Win32
		{C358F438-442B-4119-BF1C-5E3C28817D1E}.Release|Win32.Build.0 = Release|Win32
		{DA66CB0F-46D8-49C0-B4A4-689464075B42}.Debug|Win32.ActiveCfg = Debug|Win32
		{DA66CB0F-46D8-49C0-B4A4-689464075B42}.Debug|Win32.Build.0 = Debug|Win32
		{DA66CB0F-46D8-49C0-B4A4-689464075B42}.Release|Win32.ActiveCfg = Release|Win32
		{DA66CB0F-46D8-49C0-B4A4-689464075B42}.Release|Win32.Build.0 = Release|Win32
	EndGlobalSection
	GlobalSection(SolutionProperties) = preSolution
		HideSolutionNode = FALSE
	EndGlobalSection
EndGlobal
