<?xml version="1.0" encoding="utf-8"?>
<Project ToolsVersion="4.0" xmlns="http://schemas.microsoft.com/developer/msbuild/2003">
  <ItemGroup>
    <Filter Include="Broadcast">
      <UniqueIdentifier>{1165a37a-e209-429e-b8eb-28987ae071d1}</UniqueIdentifier>
    </Filter>
    <Filter Include="Engine">
      <UniqueIdentifier>{87a6e8f9-bd52-44df-9704-798088e58b4b}</UniqueIdentifier>
    </Filter>
    <Filter Include="Component">
      <UniqueIdentifier>{ccc129ea-2c29-4b81-9fd6-9966fb5f7a94}</UniqueIdentifier>
    </Filter>
    <Filter Include="Entity">
      <UniqueIdentifier>{7fcba8e5-834c-4b9a-addc-f8bf6a9ba983}</UniqueIdentifier>
    </Filter>
    <Filter Include="Core">
      <UniqueIdentifier>{735560f2-55a0-4c44-b54c-ac31ea65b4ab}</UniqueIdentifier>
    </Filter>
    <Filter Include="CppBase">
      <UniqueIdentifier>{2fa9a8af-78de-4f29-a217-f3d7d4a5b7f2}</UniqueIdentifier>
    </Filter>
    <Filter Include="Core\Property">
      <UniqueIdentifier>{45d7d9c8-2249-4b21-8aae-13aa9f6b1e13}</UniqueIdentifier>
    </Filter>
    <Filter Include="Component\Inheritence">
      <UniqueIdentifier>{951b1018-07af-4611-b823-446969ebfe0e}</UniqueIdentifier>
    </Filter>
    <Filter Include="Event">
      <UniqueIdentifier>{4c793cb4-068c-4e92-bede-e3976414f362}</UniqueIdentifier>
    </Filter>
  </ItemGroup>
  <ItemGroup>
    <ClInclude Include="..\src\CppBase\XiAssert.h">
      <Filter>CppBase</Filter>
    </ClInclude>
    <ClInclude Include="..\src\CppBase\StdMap.h">
      <Filter>CppBase</Filter>
    </ClInclude>
    <ClInclude Include="..\src\CppBase\StringUtil.h">
      <Filter>CppBase</Filter>
    </ClInclude>
    <ClInclude Include="..\src\CppBase\xassert.h">
      <Filter>CppBase</Filter>
    </ClInclude>
    <ClInclude Include="..\src\CppBase\IteratorPair.h">
      <Filter>CppBase</Filter>
    </ClInclude>
    <ClInclude Include="..\src\CppBase\BitOperation.h">
      <Filter>CppBase</Filter>
    </ClInclude>
    <ClInclude Include="..\src\CppBase\CLineBreak.hpp">
      <Filter>CppBase</Filter>
    </ClInclude>
    <ClInclude Include="..\src\CppBase\CStringSplitter.hpp">
      <Filter>CppBase</Filter>
    </ClInclude>
    <ClInclude Include="..\src\CppBase\ReferenceCounted.h">
      <Filter>CppBase</Filter>
    </ClInclude>
    <ClInclude Include="..\src\Engine\BaseComponentSystem.h">
      <Filter>Component</Filter>
    </ClInclude>
    <ClInclude Include="..\src\Engine\EngineConfig.h">
      <Filter>Engine</Filter>
    </ClInclude>
    <ClInclude Include="..\src\Engine\FPSCounter.h">
      <Filter>Engine</Filter>
    </ClInclude>
    <ClInclude Include="..\src\Engine\FrameObserver.h">
      <Filter>Engine</Filter>
    </ClInclude>
    <ClInclude Include="..\src\Engine\FrameRateAdjuster.h">
      <Filter>Engine</Filter>
    </ClInclude>
    <ClInclude Include="..\src\Engine\GameEngine.h">
      <Filter>Engine</Filter>
    </ClInclude>
    <ClInclude Include="..\src\Engine\BaseVisitable.h">
      <Filter>Core</Filter>
    </ClInclude>
    <ClInclude Include="..\src\Engine\BaseVisitor.h">
      <Filter>Core</Filter>
    </ClInclude>
    <ClInclude Include="..\src\Engine\Component.h">
      <Filter>Component</Filter>
    </ClInclude>
    <ClInclude Include="..\src\Engine\ComponentFactory.h">
      <Filter>Component</Filter>
    </ClInclude>
    <ClInclude Include="..\src\Engine\ComponentSystem.h">
      <Filter>Component</Filter>
    </ClInclude>
    <ClInclude Include="..\src\Engine\ComponentSystemFactory.h">
      <Filter>Component</Filter>
    </ClInclude>
    <ClInclude Include="..\src\Engine\ComponentSystemRegistry.h">
      <Filter>Component</Filter>
    </ClInclude>
    <ClInclude Include="..\src\Engine\dimension2d.h">
      <Filter>Core</Filter>
    </ClInclude>
    <ClInclude Include="..\src\Engine\GameObject.h">
      <Filter>Entity</Filter>
    </ClInclude>
    <ClInclude Include="..\src\Engine\GameObjectDepends.h">
      <Filter>Entity</Filter>
    </ClInclude>
    <ClInclude Include="..\src\Engine\GameScene.h">
      <Filter>Entity</Filter>
    </ClInclude>
    <ClInclude Include="..\src\Engine\CompositeUpdateHandler.h">
      <Filter>Entity</Filter>
    </ClInclude>
    <ClInclude Include="..\src\Engine\GameWorld.h">
      <Filter>Engine</Filter>
    </ClInclude>
    <ClInclude Include="..\src\Engine\Message\IMessageDispatcher.h">
      <Filter>Broadcast</Filter>
    </ClInclude>
    <ClInclude Include="..\src\Engine\Message\MessageDispatcher.h">
      <Filter>Broadcast</Filter>
    </ClInclude>
    <ClInclude Include="..\src\Engine\Message\MessageListener.h">
      <Filter>Broadcast</Filter>
    </ClInclude>
    <ClInclude Include="..\src\Engine\Message\MessageParam.h">
      <Filter>Broadcast</Filter>
    </ClInclude>
    <ClInclude Include="..\src\Engine\Message\MessageTag.h">
      <Filter>Broadcast</Filter>
    </ClInclude>
    <ClInclude Include="..\src\Engine\position2d.h">
      <Filter>Core</Filter>
    </ClInclude>
    <ClInclude Include="..\src\Engine\Process.h">
      <Filter>Core</Filter>
    </ClInclude>
    <ClInclude Include="..\src\Engine\Properties.h">
      <Filter>Core</Filter>
    </ClInclude>
    <ClInclude Include="..\src\Engine\Property.h">
      <Filter>Core</Filter>
    </ClInclude>
    <ClInclude Include="..\src\Engine\quaternion.h">
      <Filter>Core</Filter>
    </ClInclude>
    <ClInclude Include="..\src\Engine\LuaProperties.h">
      <Filter>Core\Property</Filter>
    </ClInclude>
    <ClInclude Include="..\src\Engine\MapProperties.h">
      <Filter>Core\Property</Filter>
    </ClInclude>
    <ClInclude Include="..\src\Engine\WindowEventSeizer.h">
      <Filter>Engine</Filter>
    </ClInclude>
    <ClInclude Include="..\src\Engine\WindowEventTransmitter.h">
      <Filter>Engine</Filter>
    </ClInclude>
    <ClInclude Include="..\src\Engine\WindowRenderer.h">
      <Filter>Engine</Filter>
    </ClInclude>
    <ClInclude Include="..\src\Engine\WindowTitleUpdater.h">
      <Filter>Engine</Filter>
    </ClInclude>
    <ClInclude Include="..\src\Engine\WorldObserver.h">
      <Filter>Engine</Filter>
    </ClInclude>
    <ClInclude Include="..\src\Engine\UserEvent.h">
      <Filter>Event</Filter>
    </ClInclude>
    <ClInclude Include="..\src\Engine\UserEventReceiver.h">
      <Filter>Event</Filter>
    </ClInclude>
    <ClInclude Include="..\src\Engine\UserEventReceiverStack.h">
      <Filter>Event</Filter>
    </ClInclude>
    <ClInclude Include="..\src\Engine\IrrlichtWindow.h">
      <Filter>Engine</Filter>
    </ClInclude>
    <ClInclude Include="..\src\Engine\InheritancePath.h">
      <Filter>Component\Inheritence</Filter>
    </ClInclude>
    <ClInclude Include="..\src\Engine\InheritanceTree.h">
      <Filter>Component\Inheritence</Filter>
    </ClInclude>
    <ClInclude Include="..\src\Engine\MultiComponentSystemFactory.h">
      <Filter>Component</Filter>
    </ClInclude>
    <ClInclude Include="..\src\Engine\irr_ptr.h">
      <Filter>Core</Filter>
    </ClInclude>
    <ClInclude Include="..\src\Engine\matrix.h">
      <Filter>Core</Filter>
    </ClInclude>
    <ClInclude Include="..\src\Engine\NativeWindow.h">
      <Filter>Engine</Filter>
    </ClInclude>
    <ClInclude Include="..\src\Engine\NullProperpties.h">
      <Filter>Core\Property</Filter>
    </ClInclude>
    <ClInclude Include="..\src\Engine\Message\TagTree.h">
      <Filter>Broadcast</Filter>
    </ClInclude>
    <ClInclude Include="..\src\Engine\Timeline.h">
      <Filter>Engine</Filter>
    </ClInclude>
    <ClInclude Include="..\src\Engine\TimelineObserver.h">
      <Filter>Engine</Filter>
    </ClInclude>
    <ClInclude Include="..\src\Engine\Transform.h">
      <Filter>Core</Filter>
    </ClInclude>
    <ClInclude Include="..\src\Engine\vector3d.h">
      <Filter>Core</Filter>
    </ClInclude>
    <ClInclude Include="..\src\Engine\UpdateHandler.h">
      <Filter>Entity</Filter>
    </ClInclude>
    <ClInclude Include="..\src\Engine\SColor.h">
      <Filter>Core</Filter>
    </ClInclude>
    <ClInclude Include="..\src\Engine\RootGameObject.h">
      <Filter>Entity</Filter>
    </ClInclude>
    <ClInclude Include="..\src\Engine\Message\TreeNode.h">
      <Filter>Broadcast</Filter>
    </ClInclude>
    <ClInclude Include="..\src\Engine\xptr.h">
      <Filter>Core</Filter>
    </ClInclude>
    <ClInclude Include="..\src\Engine\MemoryLeakDetector.h">
      <Filter>Core</Filter>
    </ClInclude>
    <ClInclude Include="..\src\Engine\BiAssociateMap.h">
      <Filter>Core</Filter>
    </ClInclude>
    <ClInclude Include="..\src\Engine\GameObjectTagManager.h">
      <Filter>Entity</Filter>
    </ClInclude>
    <ClInclude Include="..\src\Engine\TagManager.h">
      <Filter>Entity</Filter>
    </ClInclude>
    <ClInclude Include="..\src\CppBase\StringConventer.h">
      <Filter>CppBase</Filter>
    </ClInclude>
    <ClInclude Include="..\src\Engine\GameObjectVisitor.h">
      <Filter>Entity</Filter>
    </ClInclude>
    <ClInclude Include="..\src\Engine\System.h">
      <Filter>Engine</Filter>
    </ClInclude>
  </ItemGroup>
  <ItemGroup>
    <ClCompile Include="..\src\CppBase\StringUtil.cpp">
      <Filter>CppBase</Filter>
    </ClCompile>
    <ClCompile Include="..\src\Engine\BaseComponentSystem.cpp">
      <Filter>Component</Filter>
    </ClCompile>
    <ClCompile Include="..\src\Engine\FPSCounter.cpp">
      <Filter>Engine</Filter>
    </ClCompile>
    <ClCompile Include="..\src\Engine\FrameRateAdjuster.cpp">
      <Filter>Engine</Filter>
    </ClCompile>
    <ClCompile Include="..\src\Engine\GameEngine.cpp">
      <Filter>Engine</Filter>
    </ClCompile>
    <ClCompile Include="..\src\Engine\Component.cpp">
      <Filter>Component</Filter>
    </ClCompile>
    <ClCompile Include="..\src\Engine\ComponentSystemRegistry.cpp">
      <Filter>Component</Filter>
    </ClCompile>
    <ClCompile Include="..\src\Engine\GameObject.cpp">
      <Filter>Entity</Filter>
    </ClCompile>
    <ClCompile Include="..\src\Engine\GameScene.cpp">
      <Filter>Entity</Filter>
    </ClCompile>
    <ClCompile Include="..\src\Engine\CompositeUpdateHandler.cpp">
      <Filter>Entity</Filter>
    </ClCompile>
    <ClCompile Include="..\src\Engine\GameWorld.cpp">
      <Filter>Engine</Filter>
    </ClCompile>
    <ClCompile Include="..\src\Engine\Message\MessageParam.cpp">
      <Filter>Broadcast</Filter>
    </ClCompile>
    <ClCompile Include="..\src\Engine\Message\MessageTag.cpp">
      <Filter>Broadcast</Filter>
    </ClCompile>
    <ClCompile Include="..\src\Engine\Process.cpp">
      <Filter>Core</Filter>
    </ClCompile>
    <ClCompile Include="..\src\Engine\LuaProperties.cpp">
      <Filter>Core\Property</Filter>
    </ClCompile>
    <ClCompile Include="..\src\Engine\MapProperties.cpp">
      <Filter>Core\Property</Filter>
    </ClCompile>
    <ClCompile Include="..\src\Engine\WindowEventSeizer.cpp">
      <Filter>Engine</Filter>
    </ClCompile>
    <ClCompile Include="..\src\Engine\WindowEventTransmitter.cpp">
      <Filter>Engine</Filter>
    </ClCompile>
    <ClCompile Include="..\src\Engine\WindowTitleUpdater.cpp">
      <Filter>Engine</Filter>
    </ClCompile>
    <ClCompile Include="..\src\Engine\UserEvent.cpp">
      <Filter>Event</Filter>
    </ClCompile>
    <ClCompile Include="..\src\Engine\UserEventReceiverStack.cpp">
      <Filter>Event</Filter>
    </ClCompile>
    <ClCompile Include="..\src\Engine\IrrlichtWindow.cpp">
      <Filter>Engine</Filter>
    </ClCompile>
    <ClCompile Include="..\src\Engine\InheritancePath.cpp">
      <Filter>Component\Inheritence</Filter>
    </ClCompile>
    <ClCompile Include="..\src\Engine\InheritanceTree.cpp">
      <Filter>Component\Inheritence</Filter>
    </ClCompile>
    <ClCompile Include="..\src\Engine\MultiComponentSystemFactory.cpp">
      <Filter>Component</Filter>
    </ClCompile>
    <ClCompile Include="..\src\Engine\NullProperpties.cpp">
      <Filter>Core\Property</Filter>
    </ClCompile>
    <ClCompile Include="..\src\Engine\Transform.cpp">
      <Filter>Core</Filter>
    </ClCompile>
    <ClCompile Include="..\src\Engine\UpdateHandler.cpp">
      <Filter>Entity</Filter>
    </ClCompile>
    <ClCompile Include="..\src\Engine\MemoryLeakDetector.cpp">
      <Filter>Core</Filter>
    </ClCompile>
    <ClCompile Include="..\src\Engine\GameObjectTagManager.cpp">
      <Filter>Entity</Filter>
    </ClCompile>
    <ClCompile Include="..\src\Engine\System.cpp">
      <Filter>Engine</Filter>
    </ClCompile>
    <ClCompile Include="..\src\CppBase\StringConventer.cpp">
      <Filter>Core</Filter>
    </ClCompile>
  </ItemGroup>
</Project>