<?xml version="1.0" encoding="utf-8"?>
<Project ToolsVersion="4.0" xmlns="http://schemas.microsoft.com/developer/msbuild/2003">
  <ItemGroup>
    <ClCompile Include="..\src\Xihad\Main.cpp" />
    <ClCompile Include="..\src\Xihad\CreateDevice.cpp">
      <Filter>Helper</Filter>
    </ClCompile>
    <ClCompile Include="..\src\Xihad\SceneCreator.cpp">
      <Filter>Helper</Filter>
    </ClCompile>
    <ClCompile Include="..\src\Xihad\XihadInitializer.cpp">
      <Filter>Helper</Filter>
    </ClCompile>
    <ClCompile Include="..\src\Xihad\LoadSceneFile.cpp">
      <Filter>Main</Filter>
    </ClCompile>
    <ClCompile Include="..\src\Xihad\IrrlichtTest.cpp">
      <Filter>Main</Filter>
    </ClCompile>
    <ClCompile Include="..\src\Xihad\ScriptLauncher.cpp">
      <Filter>Main</Filter>
    </ClCompile>
  </ItemGroup>
  <ItemGroup>
    <ClInclude Include="..\src\Xihad\CreateDevice.h">
      <Filter>Helper</Filter>
    </ClInclude>
    <ClInclude Include="..\src\Xihad\SceneCreator.h">
      <Filter>Helper</Filter>
    </ClInclude>
    <ClInclude Include="..\src\Xihad\XihadInitializer.h">
      <Filter>Helper</Filter>
    </ClInclude>
  </ItemGroup>
  <ItemGroup>
    <Filter Include="Helper">
      <UniqueIdentifier>{f0f7e6e3-90ce-4fee-8a28-719418ecab7e}</UniqueIdentifier>
    </Filter>
    <Filter Include="Main">
      <UniqueIdentifier>{f6d68c37-e3ca-4dc7-a77b-9d69ae60e301}</UniqueIdentifier>
    </Filter>
  </ItemGroup>
</Project>