<?xml version="1.0" encoding="utf-8"?>
<Project ToolsVersion="4.0" xmlns="http://schemas.microsoft.com/developer/msbuild/2003">
  <ItemGroup>
    <ClCompile Include="..\src\Xihad\CreateDevice.cpp" />
    <ClCompile Include="..\src\Xihad\XihadInitializer.cpp" />
    <ClCompile Include="..\src\Xihad\SceneCreator.cpp" />
    <ClCompile Include="..\src\Xihad\IrrlichtTest.cpp" />
    <ClCompile Include="..\src\Xihad\Main.cpp" />
    <ClCompile Include="..\src\Xihad\LoadSceneFile.cpp" />
    <ClCompile Include="..\src\Xihad\ScriptLauncher.cpp" />
  </ItemGroup>
  <ItemGroup>
    <ClInclude Include="..\src\Xihad\CreateDevice.h" />
    <ClInclude Include="..\src\Xihad\XihadInitializer.h" />
    <ClInclude Include="..\src\Xihad\SceneCreator.h" />
  </ItemGroup>
</Project>