<?xml version="1.0" encoding="utf-8"?>
<Project ToolsVersion="4.0" xmlns="http://schemas.microsoft.com/developer/msbuild/2003">
  <ItemGroup>
    <Filter Include="源文件">
      <UniqueIdentifier>{4FC737F1-C7A5-4376-A066-2A32D752A2FF}</UniqueIdentifier>
      <Extensions>cpp;c;cc;cxx;def;odl;idl;hpj;bat;asm;asmx</Extensions>
    </Filter>
    <Filter Include="头文件">
      <UniqueIdentifier>{93995380-89BD-4b04-88EB-625FBE52EBFB}</UniqueIdentifier>
      <Extensions>h;hpp;hxx;hm;inl;inc;xsd</Extensions>
    </Filter>
    <Filter Include="资源文件">
      <UniqueIdentifier>{67DA6AB6-F800-4c08-8B7A-83BB121AAD01}</UniqueIdentifier>
      <Extensions>rc;ico;cur;bmp;dlg;rc2;rct;bin;rgs;gif;jpg;jpeg;jpe;resx;tiff;tif;png;wav;mfcribbon-ms</Extensions>
    </Filter>
  </ItemGroup>
  <ItemGroup>
    <ClCompile Include="..\src\Dialogue\CBaseDialogueBuilder.cpp">
      <Filter>源文件</Filter>
    </ClCompile>
    <ClCompile Include="..\src\Dialogue\CBaseTickMethod.cpp">
      <Filter>源文件</Filter>
    </ClCompile>
    <ClCompile Include="..\src\Dialogue\CTimerCondition.cpp">
      <Filter>源文件</Filter>
    </ClCompile>
    <ClCompile Include="..\src\Dialogue\CDialogueAlignmenter.cpp">
      <Filter>源文件</Filter>
    </ClCompile>
    <ClCompile Include="..\src\Dialogue\CTextSection.cpp">
      <Filter>源文件</Filter>
    </ClCompile>
    <ClCompile Include="..\src\Dialogue\CAlignmentDialogueBuilder.cpp">
      <Filter>源文件</Filter>
    </ClCompile>
    <ClCompile Include="..\src\Dialogue\CDialogue.cpp">
      <Filter>源文件</Filter>
    </ClCompile>
    <ClCompile Include="..\src\Dialogue\IMetrics.cpp">
      <Filter>源文件</Filter>
    </ClCompile>
    <ClCompile Include="..\src\Dialogue\CAlignedTextSection.cpp">
      <Filter>源文件</Filter>
    </ClCompile>
  </ItemGroup>
  <ItemGroup>
    <ClInclude Include="..\src\Dialogue\CBaseDialogueBuilder.hpp">
      <Filter>头文件</Filter>
    </ClInclude>
    <ClInclude Include="..\src\Dialogue\CBaseTickMethod.hpp">
      <Filter>头文件</Filter>
    </ClInclude>
    <ClInclude Include="..\src\Dialogue\CDialogue.hpp">
      <Filter>头文件</Filter>
    </ClInclude>
    <ClInclude Include="..\src\Dialogue\CTimerCondition.hpp">
      <Filter>头文件</Filter>
    </ClInclude>
    <ClInclude Include="..\src\Dialogue\IDialogueBuilder.hpp">
      <Filter>头文件</Filter>
    </ClInclude>
    <ClInclude Include="..\src\Dialogue\ITextElement.hpp">
      <Filter>头文件</Filter>
    </ClInclude>
    <ClInclude Include="..\src\Dialogue\ITextElementFactory.hpp">
      <Filter>头文件</Filter>
    </ClInclude>
    <ClInclude Include="..\src\Dialogue\ITickMethod.hpp">
      <Filter>头文件</Filter>
    </ClInclude>
    <ClInclude Include="..\src\Dialogue\STickEvent.hpp">
      <Filter>头文件</Filter>
    </ClInclude>
    <ClInclude Include="..\src\Dialogue\CDialogueAlignmenter.hpp">
      <Filter>头文件</Filter>
    </ClInclude>
    <ClInclude Include="..\src\Dialogue\ITextSectionSplitter.hpp">
      <Filter>头文件</Filter>
    </ClInclude>
    <ClInclude Include="..\src\Dialogue\CLineBreak.hpp">
      <Filter>头文件</Filter>
    </ClInclude>
    <ClInclude Include="..\src\Dialogue\CTextSection.hpp">
      <Filter>头文件</Filter>
    </ClInclude>
    <ClInclude Include="..\src\Dialogue\CAlignmentDialogueBuilder.hpp">
      <Filter>头文件</Filter>
    </ClInclude>
    <ClInclude Include="..\src\Dialogue\ITextAppearance.hpp">
      <Filter>头文件</Filter>
    </ClInclude>
    <ClInclude Include="..\src\Dialogue\IDialogue.hpp">
      <Filter>头文件</Filter>
    </ClInclude>
    <ClInclude Include="..\src\Dialogue\IMetrics.hpp">
      <Filter>头文件</Filter>
    </ClInclude>
    <ClInclude Include="..\src\Dialogue\CTickEventRedirection.hpp">
      <Filter>头文件</Filter>
    </ClInclude>
    <ClInclude Include="..\src\Dialogue\ITickEvent.hpp">
      <Filter>头文件</Filter>
    </ClInclude>
    <ClInclude Include="..\src\Dialogue\ITextContent.hpp">
      <Filter>头文件</Filter>
    </ClInclude>
    <ClInclude Include="..\src\Dialogue\CAlignedTextSection.hpp">
      <Filter>头文件</Filter>
    </ClInclude>
  </ItemGroup>
</Project>