<?xml version="1.0" encoding="utf-8"?>
<Project ToolsVersion="4.0" xmlns="http://schemas.microsoft.com/developer/msbuild/2003">
  <ItemGroup>
    <Filter Include="源文件">
      <UniqueIdentifier>{4FC737F1-C7A5-4376-A066-2A32D752A2FF}</UniqueIdentifier>
      <Extensions>cpp;c;cc;cxx;def;odl;idl;hpj;bat;asm;asmx</Extensions>
    </Filter>
    <Filter Include="头文件">
      <UniqueIdentifier>{93995380-89BD-4b04-88EB-625FBE52EBFB}</UniqueIdentifier>
      <Extensions>h;hpp;hxx;hm;inl;inc;xsd</Extensions>
    </Filter>
    <Filter Include="资源文件">
      <UniqueIdentifier>{67DA6AB6-F800-4c08-8B7A-83BB121AAD01}</UniqueIdentifier>
      <Extensions>rc;ico;cur;bmp;dlg;rc2;rct;bin;rgs;gif;jpg;jpeg;jpe;resx;tiff;tif;png;wav;mfcribbon-ms</Extensions>
    </Filter>
  </ItemGroup>
  <ItemGroup>
    <Text Include="..\src\CEGUIIrrlichtRenderer\Readme.txt" />
  </ItemGroup>
  <ItemGroup>
    <None Include="..\src\CEGUIIrrlichtRenderer\RenderTarget.inl">
      <Filter>头文件</Filter>
    </None>
  </ItemGroup>
  <ItemGroup>
    <ClCompile Include="..\src\CEGUIIrrlichtRenderer\EventPusher.cpp">
      <Filter>源文件</Filter>
    </ClCompile>
    <ClCompile Include="..\src\CEGUIIrrlichtRenderer\GeometryBuffer.cpp">
      <Filter>源文件</Filter>
    </ClCompile>
    <ClCompile Include="..\src\CEGUIIrrlichtRenderer\ImageCodec.cpp">
      <Filter>源文件</Filter>
    </ClCompile>
    <ClCompile Include="..\src\CEGUIIrrlichtRenderer\MemoryFile.cpp">
      <Filter>源文件</Filter>
    </ClCompile>
    <ClCompile Include="..\src\CEGUIIrrlichtRenderer\Renderer.cpp">
      <Filter>源文件</Filter>
    </ClCompile>
    <ClCompile Include="..\src\CEGUIIrrlichtRenderer\ResourceProvider.cpp">
      <Filter>源文件</Filter>
    </ClCompile>
    <ClCompile Include="..\src\CEGUIIrrlichtRenderer\Texture.cpp">
      <Filter>源文件</Filter>
    </ClCompile>
    <ClCompile Include="..\src\CEGUIIrrlichtRenderer\TextureTarget.cpp">
      <Filter>源文件</Filter>
    </ClCompile>
    <ClCompile Include="..\src\CEGUIIrrlichtRenderer\WindowTarget.cpp">
      <Filter>源文件</Filter>
    </ClCompile>
  </ItemGroup>
  <ItemGroup>
    <ClInclude Include="..\src\CEGUIIrrlichtRenderer\EventPusher.h">
      <Filter>头文件</Filter>
    </ClInclude>
    <ClInclude Include="..\src\CEGUIIrrlichtRenderer\GeometryBuffer.h">
      <Filter>头文件</Filter>
    </ClInclude>
    <ClInclude Include="..\src\CEGUIIrrlichtRenderer\ImageCodec.h">
      <Filter>头文件</Filter>
    </ClInclude>
    <ClInclude Include="..\src\CEGUIIrrlichtRenderer\MemoryFile.h">
      <Filter>头文件</Filter>
    </ClInclude>
    <ClInclude Include="..\src\CEGUIIrrlichtRenderer\Renderer.h">
      <Filter>头文件</Filter>
    </ClInclude>
    <ClInclude Include="..\src\CEGUIIrrlichtRenderer\RendererDef.h">
      <Filter>头文件</Filter>
    </ClInclude>
    <ClInclude Include="..\src\CEGUIIrrlichtRenderer\RenderTarget.h">
      <Filter>头文件</Filter>
    </ClInclude>
    <ClInclude Include="..\src\CEGUIIrrlichtRenderer\ResourceProvider.h">
      <Filter>头文件</Filter>
    </ClInclude>
    <ClInclude Include="..\src\CEGUIIrrlichtRenderer\Texture.h">
      <Filter>头文件</Filter>
    </ClInclude>
    <ClInclude Include="..\src\CEGUIIrrlichtRenderer\TextureTarget.h">
      <Filter>头文件</Filter>
    </ClInclude>
    <ClInclude Include="..\src\CEGUIIrrlichtRenderer\WindowTarget.h">
      <Filter>头文件</Filter>
    </ClInclude>
  </ItemGroup>
</Project>