<?xml version="1.0" encoding="utf-8"?>
<Project ToolsVersion="4.0" xmlns="http://schemas.microsoft.com/developer/msbuild/2003">
  <ItemGroup>
    <ClCompile Include="..\src\ScriptEngine\LuaComponent.cpp" />
    <ClCompile Include="..\src\ScriptEngine\LuaComponentSystem.cpp" />
    <ClCompile Include="..\src\ScriptEngine\LuaComponentSystemFactory.cpp" />
    <ClCompile Include="..\src\ScriptEngine\LuaUtil.cpp" />
    <ClCompile Include="..\src\ScriptEngine\LuaEventReceiver.cpp" />
    <ClCompile Include="..\src\ScriptEngine\PushComponentVisitor.cpp" />
    <ClCompile Include="..\src\ScriptEngine\LuaAnimationCallback.cpp" />
    <ClCompile Include="..\src\ScriptEngine\Export\luaopen_all.cpp">
      <Filter>Export</Filter>
    </ClCompile>
    <ClCompile Include="..\src\ScriptEngine\Export\luaopen_string.cpp">
      <Filter>Export</Filter>
    </ClCompile>
    <ClCompile Include="..\src\ScriptEngine\Export\luaopen_Component.cpp">
      <Filter>Export</Filter>
    </ClCompile>
    <ClCompile Include="..\src\ScriptEngine\Export\luaopen_render3dComponents.cpp">
      <Filter>Export</Filter>
    </ClCompile>
    <ClCompile Include="..\src\ScriptEngine\Export\luaopen_GameScene.cpp">
      <Filter>Export</Filter>
    </ClCompile>
    <ClCompile Include="..\src\ScriptEngine\Export\luaopen_LuaComponent.cpp">
      <Filter>Export</Filter>
    </ClCompile>
    <ClCompile Include="..\src\ScriptEngine\Export\luaopen_2ndIteration.cpp">
      <Filter>Export</Filter>
    </ClCompile>
    <ClCompile Include="..\src\ScriptEngine\Export\luaopen_GameObject.cpp">
      <Filter>Export</Filter>
    </ClCompile>
    <ClCompile Include="..\src\ScriptEngine\Export\luaopen_renderSystem.cpp">
      <Filter>Export</Filter>
    </ClCompile>
    <ClCompile Include="..\src\ScriptEngine\Export\luaopen_FileSystem.cpp">
      <Filter>Export</Filter>
    </ClCompile>
    <ClCompile Include="..\src\ScriptEngine\Export\luaopen_Geometry.cpp">
      <Filter>Export</Filter>
    </ClCompile>
    <ClCompile Include="..\src\ScriptEngine\LuaManagedUpdateHandler.cpp" />
    <ClCompile Include="..\src\ScriptEngine\Export\luaopen_MessageListener.cpp">
      <Filter>Export</Filter>
    </ClCompile>
    <ClCompile Include="..\src\ScriptEngine\LuaMessageListener.cpp" />
    <ClCompile Include="..\src\ScriptEngine\Export\luaopen_MessageDispatcher.cpp">
      <Filter>Export</Filter>
    </ClCompile>
    <ClCompile Include="..\LuaMath3D\math3d_metadata.cpp">
      <Filter>Export</Filter>
    </ClCompile>
    <ClCompile Include="..\src\ScriptEngine\Export\luaopen_CompositeUpdateHandler.cpp">
      <Filter>Export</Filter>
    </ClCompile>
    <ClCompile Include="..\src\ScriptEngine\Export\luaopen_UpdateHandler.cpp">
      <Filter>Export</Filter>
    </ClCompile>
    <ClCompile Include="..\src\ScriptEngine\Export\luaopen_NativeWindow.cpp" />
    <ClCompile Include="..\src\ScriptEngine\Export\luaopen_GameEngine.cpp" />
  </ItemGroup>
  <ItemGroup>
    <ClInclude Include="..\src\ScriptEngine\LuaComponent.h" />
    <ClInclude Include="..\src\ScriptEngine\LuaComponentSystem.h" />
    <ClInclude Include="..\src\ScriptEngine\LuaComponentSystemFactory.h" />
    <ClInclude Include="..\src\ScriptEngine\LuaUtil.h" />
    <ClInclude Include="..\src\ScriptEngine\LuaEventReceiver.h" />
    <ClInclude Include="..\src\ScriptEngine\PushComponentVisitor.h" />
    <ClInclude Include="..\src\ScriptEngine\LuaScriptMacro.h" />
    <ClInclude Include="..\src\ScriptEngine\LuaAnimationCallback.h" />
    <ClInclude Include="..\src\ScriptEngine\Export\luaopen_all.h">
      <Filter>Export</Filter>
    </ClInclude>
    <ClInclude Include="..\src\ScriptEngine\Export\luaopen_string.h">
      <Filter>Export</Filter>
    </ClInclude>
    <ClInclude Include="..\src\ScriptEngine\Export\luaopen_Component.h">
      <Filter>Export</Filter>
    </ClInclude>
    <ClInclude Include="..\src\ScriptEngine\Export\luaopen_render3dComponents.h">
      <Filter>Export</Filter>
    </ClInclude>
    <ClInclude Include="..\src\ScriptEngine\Export\luaopen_GameScene.h">
      <Filter>Export</Filter>
    </ClInclude>
    <ClInclude Include="..\src\ScriptEngine\Export\luaopen_LuaComponent.h">
      <Filter>Export</Filter>
    </ClInclude>
    <ClInclude Include="..\src\ScriptEngine\Export\luaopen_GameObject.h">
      <Filter>Export</Filter>
    </ClInclude>
    <ClInclude Include="..\src\ScriptEngine\Export\luaopen_macro.h">
      <Filter>Export</Filter>
    </ClInclude>
    <ClInclude Include="..\src\ScriptEngine\Export\luaopen_2ndIteration.h">
      <Filter>Export</Filter>
    </ClInclude>
    <ClInclude Include="..\src\ScriptEngine\Export\luaopen_renderSystem.h">
      <Filter>Export</Filter>
    </ClInclude>
    <ClInclude Include="..\src\ScriptEngine\Export\luaopen_FileSystem.h">
      <Filter>Export</Filter>
    </ClInclude>
    <ClInclude Include="..\src\ScriptEngine\Export\luaopen_Geometry.h">
      <Filter>Export</Filter>
    </ClInclude>
    <ClInclude Include="..\src\ScriptEngine\LuaManagedUpdateHandler.h" />
    <ClInclude Include="..\src\ScriptEngine\Export\luaopen_MessageListener.h">
      <Filter>Export</Filter>
    </ClInclude>
    <ClInclude Include="..\src\ScriptEngine\LuaMessageListener.h" />
    <ClInclude Include="..\src\ScriptEngine\Export\luaopen_MessageDispatcher.h">
      <Filter>Export</Filter>
    </ClInclude>
    <ClInclude Include="..\src\ScriptEngine\Export\luaopen_CompositeUpdateHandler.h">
      <Filter>Export</Filter>
    </ClInclude>
    <ClInclude Include="..\src\ScriptEngine\Export\luaopen_UpdateHandler.h">
      <Filter>Export</Filter>
    </ClInclude>
    <ClInclude Include="..\src\ScriptEngine\Export\luaopen_NativeWindow.h" />
    <ClInclude Include="..\src\ScriptEngine\Export\luaopen_GameEngine.h" />
  </ItemGroup>
  <ItemGroup>
    <Filter Include="Export">
      <UniqueIdentifier>{bae9a898-0fba-446f-91d1-14dc102a2052}</UniqueIdentifier>
    </Filter>
  </ItemGroup>
</Project>